
Microsoft Visual Studio Solution File, Format Version 12.00
# Visual Studio Version 16
VisualStudioVersion = 16.0.30330.147
MinimumVisualStudioVersion = 10.0.40219.1
Project("{8BC9CEB8-8B4A-11D0-8D11-00A0C91BC942}") = "LevelEditorLibrary", "LevelEditorLibrary\LevelEditorLibrary.vcxproj", "{A11D3FF0-AC56-4CD2-AC9C-DCA347B01B75}"
EndProject
Project("{8BC9CEB8-8B4A-11D0-8D11-00A0C91BC942}") = "LevelEditorWrap", "LevelEditorWrap\LevelEditorWrap.vcxproj", "{E36F0436-9B97-439E-9737-A5373BC8BDEE}"
EndProject
Project("{FAE04EC0-301F-11D3-BF4B-00C04F79EFBC}") = "LevelEditorForm", "LevelEditorForm\LevelEditorForm.csproj", "{EFE7312D-C1EE-45FB-B917-73A0F6AB8B88}"
EndProject
Global
	GlobalSection(SolutionConfigurationPlatforms) = preSolution
		Debug|Any CPU = Debug|Any CPU
		Debug|x64 = Debug|x64
		Debug|x86 = Debug|x86
		Release|Any CPU = Release|Any CPU
		Release|x64 = Release|x64
		Release|x86 = Release|x86
	EndGlobalSection
	GlobalSection(ProjectConfigurationPlatforms) = postSolution
		{A11D3FF0-AC56-4CD2-AC9C-DCA347B01B75}.Debug|Any CPU.ActiveCfg = Debug|Win32
		{A11D3FF0-AC56-4CD2-AC9C-DCA347B01B75}.Debug|x64.ActiveCfg = Debug|x64
		{A11D3FF0-AC56-4CD2-AC9C-DCA347B01B75}.Debug|x64.Build.0 = Debug|x64
		{A11D3FF0-AC56-4CD2-AC9C-DCA347B01B75}.Debug|x86.ActiveCfg = Debug|Win32
		{A11D3FF0-AC56-4CD2-AC9C-DCA347B01B75}.Debug|x86.Build.0 = Debug|Win32
		{A11D3FF0-AC56-4CD2-AC9C-DCA347B01B75}.Release|Any CPU.ActiveCfg = Release|Win32
		{A11D3FF0-AC56-4CD2-AC9C-DCA347B01B75}.Release|x64.ActiveCfg = Release|x64
		{A11D3FF0-AC56-4CD2-AC9C-DCA347B01B75}.Release|x64.Build.0 = Release|x64
		{A11D3FF0-AC56-4CD2-AC9C-DCA347B01B75}.Release|x86.ActiveCfg = Release|Win32
		{A11D3FF0-AC56-4CD2-AC9C-DCA347B01B75}.Release|x86.Build.0 = Release|Win32
		{E36F0436-9B97-439E-9737-A5373BC8BDEE}.Debug|Any CPU.ActiveCfg = Debug|Win32
		{E36F0436-9B97-439E-9737-A5373BC8BDEE}.Debug|x64.ActiveCfg = Debug|x64
		{E36F0436-9B97-439E-9737-A5373BC8BDEE}.Debug|x64.Build.0 = Debug|x64
		{E36F0436-9B97-439E-9737-A5373BC8BDEE}.Debug|x86.ActiveCfg = Debug|Win32
		{E36F0436-9B97-439E-9737-A5373BC8BDEE}.Debug|x86.Build.0 = Debug|Win32
		{E36F0436-9B97-439E-9737-A5373BC8BDEE}.Release|Any CPU.ActiveCfg = Release|Win32
		{E36F0436-9B97-439E-9737-A5373BC8BDEE}.Release|x64.ActiveCfg = Release|x64
		{E36F0436-9B97-439E-9737-A5373BC8BDEE}.Release|x64.Build.0 = Release|x64
		{E36F0436-9B97-439E-9737-A5373BC8BDEE}.Release|x86.ActiveCfg = Release|Win32
		{E36F0436-9B97-439E-9737-A5373BC8BDEE}.Release|x86.Build.0 = Release|Win32
		{EFE7312D-C1EE-45FB-B917-73A0F6AB8B88}.Debug|Any CPU.ActiveCfg = Debug|Any CPU
		{EFE7312D-C1EE-45FB-B917-73A0F6AB8B88}.Debug|Any CPU.Build.0 = Debug|Any CPU
		{EFE7312D-C1EE-45FB-B917-73A0F6AB8B88}.Debug|x64.ActiveCfg = Debug|x64
		{EFE7312D-C1EE-45FB-B917-73A0F6AB8B88}.Debug|x64.Build.0 = Debug|x64
		{EFE7312D-C1EE-45FB-B917-73A0F6AB8B88}.Debug|x86.ActiveCfg = Debug|Any CPU
		{EFE7312D-C1EE-45FB-B917-73A0F6AB8B88}.Debug|x86.Build.0 = Debug|Any CPU
		{EFE7312D-C1EE-45FB-B917-73A0F6AB8B88}.Release|Any CPU.ActiveCfg = Release|Any CPU
		{EFE7312D-C1EE-45FB-B917-73A0F6AB8B88}.Release|Any CPU.Build.0 = Release|Any CPU
		{EFE7312D-C1EE-45FB-B917-73A0F6AB8B88}.Release|x64.ActiveCfg = Release|Any CPU
		{EFE7312D-C1EE-45FB-B917-73A0F6AB8B88}.Release|x64.Build.0 = Release|Any CPU
		{EFE7312D-C1EE-45FB-B917-73A0F6AB8B88}.Release|x86.ActiveCfg = Release|Any CPU
		{EFE7312D-C1EE-45FB-B917-73A0F6AB8B88}.Release|x86.Build.0 = Release|Any CPU
	EndGlobalSection
	GlobalSection(SolutionProperties) = preSolution
		HideSolutionNode = FALSE
	EndGlobalSection
	GlobalSection(ExtensibilityGlobals) = postSolution
		SolutionGuid = {DAA9CFDB-EA52-44CA-8B85-216276DD34A3}
	EndGlobalSection
EndGlobal
